
Microsoft Visual Studio Solution File, Format Version 12.00
# Visual Studio Version 17
VisualStudioVersion = 17.5.33424.131
MinimumVisualStudioVersion = 10.0.40219.1
Project("{FAE04EC0-301F-11D3-BF4B-00C04F79EFBC}") = "Sharpalog", "Sharpalog\Sharpalog.csproj", "{AF34A63E-4545-4509-8A2D-48C21F33C15D}"
EndProject
Project("{FAE04EC0-301F-11D3-BF4B-00C04F79EFBC}") = "SharpalogTest", "SharpalogTest\SharpalogTest.csproj", "{EB719CDC-DB4F-41B0-ADB1-C01254EFF194}"
EndProject
Project("{FAE04EC0-301F-11D3-BF4B-00C04F79EFBC}") = "SharpalogBenchmarks", "SharpalogBenchmarks\SharpalogBenchmarks.csproj", "{D9E6A096-40F0-4061-BAB0-3E749D7B2CDB}"
EndProject
Global
	GlobalSection(SolutionConfigurationPlatforms) = preSolution
		Debug|Any CPU = Debug|Any CPU
		Release|Any CPU = Release|Any CPU
	EndGlobalSection
	GlobalSection(ProjectConfigurationPlatforms) = postSolution
		{AF34A63E-4545-4509-8A2D-48C21F33C15D}.Debug|Any CPU.ActiveCfg = Debug|Any CPU
		{AF34A63E-4545-4509-8A2D-48C21F33C15D}.Debug|Any CPU.Build.0 = Debug|Any CPU
		{AF34A63E-4545-4509-8A2D-48C21F33C15D}.Release|Any CPU.ActiveCfg = Release|Any CPU
		{AF34A63E-4545-4509-8A2D-48C21F33C15D}.Release|Any CPU.Build.0 = Release|Any CPU
		{EB719CDC-DB4F-41B0-ADB1-C01254EFF194}.Debug|Any CPU.ActiveCfg = Debug|Any CPU
		{EB719CDC-DB4F-41B0-ADB1-C01254EFF194}.Debug|Any CPU.Build.0 = Debug|Any CPU
		{EB719CDC-DB4F-41B0-ADB1-C01254EFF194}.Release|Any CPU.ActiveCfg = Release|Any CPU
		{EB719CDC-DB4F-41B0-ADB1-C01254EFF194}.Release|Any CPU.Build.0 = Release|Any CPU
		{D9E6A096-40F0-4061-BAB0-3E749D7B2CDB}.Debug|Any CPU.ActiveCfg = Debug|Any CPU
		{D9E6A096-40F0-4061-BAB0-3E749D7B2CDB}.Debug|Any CPU.Build.0 = Debug|Any CPU
		{D9E6A096-40F0-4061-BAB0-3E749D7B2CDB}.Release|Any CPU.ActiveCfg = Release|Any CPU
		{D9E6A096-40F0-4061-BAB0-3E749D7B2CDB}.Release|Any CPU.Build.0 = Release|Any CPU
	EndGlobalSection
	GlobalSection(SolutionProperties) = preSolution
		HideSolutionNode = FALSE
	EndGlobalSection
	GlobalSection(ExtensibilityGlobals) = postSolution
		SolutionGuid = {AFD523E7-AFC8-4D1F-8A40-F9B1AD7947B7}
	EndGlobalSection
EndGlobal
